{
  "version": 4,
  "terraform_version": "0.14.5",
  "serial": 12,
  "lineage": "2a47a2d8-d7cc-a249-3774-17cbcad04dfb",
  "outputs": {
    "tls_private_key": {
      "value": "-----BEGIN RSA PRIVATE KEY-----\nMIIJKQIBAAKCAgEAmo9HFsg9ZZ9zLxXPNRr6V0/Bo4vZ8Z22CgAc2ceG3eAqeDxH\nCcoX36qdAq00ZrIsey4H79jeVBASG5kBzOycCLyKACnrazu7icTcqEoKRCwGlNw7\n3yFDfkyhcEv83n67yKFCBWQWqnrPL7/udMEZG2LJM/hoRoZuWNITFaY4KbfIddPK\nkEfdcfUhcqE2N8OWsLZmwmIu/HpHrzJ5jUmNlVDtfDkkUrc6MijhlEoIZ9vqjcbA\nHQEXy52dVvS+voGNypU5utZddLKiB8iLSqJp3LjL6k7x+NC9gVMH/j273anhDY4D\nf3UZlgulWbINZYbE2RvnMLxdYzVUNn5juIol55QBUx9oXcoejPkF7nngcXOdigMH\nofSQneyhn/CxZmn/87090kNfxbbsXovpyglQvL/cN/quyiAyEAnaEen1Gda2zVT1\nZ+2JloBUVLZTwh2WJM57DbIhxsabQsHsb2xJIOCadmXBDKNN+444flYUZmBswo0Z\nVYtuiyvqXiN7Zze8HSZQFlV0mt4csoPZlNd//c5sp+kZJg4fm6UnyttSLc8FhVF1\nVHd677HDCC0J4eIfkepVosFXkx82KJYX/Qq3RaoeiDTOMepQH+jGhm3jgzRodu93\nrBSc25GXA61JeBnghId4MmpEJf7jufiv44ylqtO6js8VFJnxkhjQUvmksskCAwEA\nAQKCAgARhv4Az2RnCdX+GPMOiqipDhpfeZSVmdTy/WBIMiBROQKX7/3+VjSu4KI9\nk3bFzp7MuUOdJ3LPBaOIDanum0Z2lyrvKdHQr01tKi37x6myYWu9pdwESbllsTr9\niSB7+tNAxUi/Y8JOQu8L8zAPfXZjbKh0hE8O8F/DIs+XPOpRkM3izsnB4uRx7+KD\nJVUIrd2A3K56jLfXWeaXL5opM5YiwLKty60a1Dx9Q7WRI3QgkwfeXBOdNmqEZLNb\nERYwdHCn8JRDY9vlR/yn9U4WgKSQq0Q0pg86sDFNYSUe59FOKd2js98hrR3hriBq\nM47hXI8mL8vf8vyEK6AJLfwRCVmS5FBJlJnOV0s9vOqQJ7PCDQxSSi+8YTd+Gte/\nmOOBZCEl2GGxwRV9FP09g2bz+fgxpe6EoyqhBGMdg4rylegtirsoZ1ApFp9ip2oY\ndI+LAvlBc0IQ6FWc/6O6vdHnNx3E5BlrjvHC4ztjggHB6lNl7r/em7uhjLAXHW2I\ngvWzUnbAx5pMx8zUUlpjrfeM3/opGB6MhMfwCJlMsF9OPly1AlM4yvfPaU0eJmhf\nIX6zHnxu1aVZIoj95lWSh+GI5w5BzlqdhEOZkextaOk1kdAMKaeo/hPDojYsoBns\nLVXgAA2mt8egASKsEboOROM2FZQuGhMVqT/joOmrDeQMeSKyIQKCAQEAxi4v/07w\nG875uNePqNu1dgz6WDqfFNdVNgk4IYxiEbBCjWpkurNwXzC/cunyswMGS5gfmI41\nDcsAuMSB6cK3n8hZD100ETHrpiibcnUvlMOazAY3s4Mdw4O8pY5HD6rjx/ODtFkL\n+chICzgEhlZtDcBt1jqhfHxl3dI8lV2hJuTXIbw+6LzkeiFsarVrEyLKgwuVTis1\ncQiWo3PdyfHJzFkytE7Z4/6vVXt+NG6cVkriCOGkTqYxSCV4CKATm4cCJjLawJmT\nyJHXiRthOM5tzbN5CekvalhNTSf1oiD6O4Z937FIaXh5bUcNFQUpLfs4QUR6fz+W\nxW8jg9xaMCKiWwKCAQEAx6cejEefPqcIFbvWDuLHiVUP2zsC11LME89vOjuI54SI\nWbpHInbv2XGvDuzZO/sxskMuGE0Uard1mP2nHmnt022oRL+YNVVrPO9hIWyAz8Vv\nZl2LgmQOg8F3LUr4YNsAIc3QgqcLPLvBYTOYiL0jaRHUc9SZ3mPSuJPuSHW892rd\nXBnkB0ET1dWW05ZsvuLQAzGEBfiFZntrLwiSfL7LGuo3q7wHWgMFiy0rY1Mws0CG\neWvE2+KxgGsLk6qWvpSKLT2ponZG3OvGH4Jp/ppAVKngw8YXmjkFpXuVXyKFYVN0\nazWy3SfPI3NXOZeclN/HyCfT9LTOiwbXllya6prAqwKCAQEAroe2lW17X8Ijgnm0\nds0nPdOoFVNrDfule3UbDdCH/XPw6IGuPA4TBIH12MnXh3c+cAyEpuF2L7N76zyD\n/M4S0JCsfi9iz1HbafWREHfLc4PgK5W+MEVkTO8Tj+mBA3dIKqt2bbmOJmgPqnGm\n6nfqipXRJT11QiB7xaKE4DYY2hvmqjsSW/0eacBNrpwetDeLiWUGFFVRNz6NC13b\nESHyyhgz4z8d/QAqgWnEd4CCBizka1XsUadi91qoH1B6dBmt9t4KcFvQHm7yFjka\noeCKKwHHssa9jzY8vZpXZHUOaqXC7OFAGEKVDXvpNX3aCjiYDkK0bqQdr7p02IeS\nlZmqyQKCAQA6TvB4/6HeZmHSFx2ZE1o7HYCYAk/+GsxHLNnLJAADvY0kx2ZnBl1e\nH/mEXl/DSMVmzn/z0O8Zi6Lon4vjMgSnLutpyJrnWJ8NGMxBOrMT+xFh0AgieJ5U\nlHf93ltTziHnvXgb8DUz85GylaMCrFpfITnu6jRV4slz5qA8wUYC7E7hyx3xkGv+\nk3aNLO1tgkhF5nwsUjyDhZ/0CIjfrckbfzPrD+sFusQvtW1qgK1EbJ/ZbkP8A+Tb\nIGgtJDEKT89bDxsvu2NOuf0OzsOt+9a14zcldgEGpYikn8csFaTmm7zwYqpuNGYm\ncFUVGNY+FG0AY8FfQj7gE4t6+mi0A6YpAoIBAQDD8y+Diz3XFcMe0qsFs6oZndj/\n0TfJptsiFTGQH3yF9pMO7CEUbA+wvhD757Gjq0tiG8WfqIoV31NQnyfwWAq3VqrP\ndhy0Ir+nV2AwuKI4XAYDdJm5pNcrQ2RlpUNy6drhmQhUyYEmeNDUWoLCj26Lkgz2\noqENh1NrqsEF2OwzIZSaFZv7GD5Ax851QUtjxWkqC/PO/3TZCQutRP55yhS22bn2\nEJ0R1WzvL7oK1ZUUUb+Xq/A+x8h5b2x5WokneXx1vga3fSov4Mh24gL6tSqPYySn\nKN7xYdCAB1arR/fR/JBF0KlGPgogJ4A2y9Nwt8REZ2kNUvfmeEoaAcz2oW/n\n-----END RSA PRIVATE KEY-----\n",
      "type": "string"
    }
  },
  "resources": [
    {
      "mode": "managed",
      "type": "azurerm_linux_virtual_machine",
      "name": "myterraformvm",
      "provider": "provider[\"registry.terraform.io/hashicorp/azurerm\"]",
      "instances": [
        {
          "schema_version": 0,
          "attributes": {
            "additional_capabilities": [],
            "admin_password": null,
            "admin_ssh_key": [
              {
                "public_key": "ssh-rsa AAAAB3NzaC1yc2EAAAADAQABAAACAQCaj0cWyD1ln3MvFc81GvpXT8Gji9nxnbYKABzZx4bd4Cp4PEcJyhffqp0CrTRmsix7Lgfv2N5UEBIbmQHM7JwIvIoAKetrO7uJxNyoSgpELAaU3DvfIUN+TKFwS/zefrvIoUIFZBaqes8vv+50wRkbYskz+GhGhm5Y0hMVpjgpt8h108qQR91x9SFyoTY3w5awtmbCYi78ekevMnmNSY2VUO18OSRStzoyKOGUSghn2+qNxsAdARfLnZ1W9L6+gY3KlTm61l10sqIHyItKomncuMvqTvH40L2BUwf+PbvdqeENjgN/dRmWC6VZsg1lhsTZG+cwvF1jNVQ2fmO4iiXnlAFTH2hdyh6M+QXueeBxc52KAweh9JCd7KGf8LFmaf/zvT3SQ1/Ftuxei+nKCVC8v9w3+q7KIDIQCdoR6fUZ1rbNVPVn7YmWgFRUtlPCHZYkznsNsiHGxptCwexvbEkg4Jp2ZcEMo037jjh+VhRmYGzCjRlVi26LK+peI3tnN7wdJlAWVXSa3hyyg9mU13/9zmyn6RkmDh+bpSfK21ItzwWFUXVUd3rvscMILQnh4h+R6lWiwVeTHzYolhf9CrdFqh6INM4x6lAf6MaGbeODNGh273esFJzbkZcDrUl4GeCEh3gyakQl/uO5+K/jjKWq07qOzxUUmfGSGNBS+aSyyQ==\n",
                "username": "azureuser"
              }
            ],
            "admin_username": "azureuser",
            "allow_extension_operations": true,
            "availability_set_id": "",
            "boot_diagnostics": [
              {
                "storage_account_uri": "https://diag55aefd11bbe43d37.blob.core.windows.net/"
              }
            ],
            "computer_name": "myvm",
            "custom_data": null,
            "dedicated_host_id": "",
            "disable_password_authentication": true,
            "encryption_at_host_enabled": false,
            "eviction_policy": "",
            "extensions_time_budget": "PT1H30M",
            "id": "/subscriptions/3fa40d5c-dbaa-49f0-8620-d88fea24f13b/resourceGroups/myResourceGroup/providers/Microsoft.Compute/virtualMachines/myVM",
            "identity": [],
            "location": "eastus",
            "max_bid_price": -1,
            "name": "myVM",
            "network_interface_ids": [
              "/subscriptions/3fa40d5c-dbaa-49f0-8620-d88fea24f13b/resourceGroups/myResourceGroup/providers/Microsoft.Network/networkInterfaces/myNIC"
            ],
            "os_disk": [
              {
                "caching": "ReadWrite",
                "diff_disk_settings": [],
                "disk_encryption_set_id": "",
                "disk_size_gb": 30,
                "name": "myOsDisk",
                "storage_account_type": "Premium_LRS",
                "write_accelerator_enabled": false
              }
            ],
            "plan": [],
            "priority": "Regular",
            "private_ip_address": "10.0.1.4",
            "private_ip_addresses": [
              "10.0.1.4"
            ],
            "provision_vm_agent": true,
            "proximity_placement_group_id": "",
            "public_ip_address": "52.170.62.155",
            "public_ip_addresses": [
              "52.170.62.155"
            ],
            "resource_group_name": "myResourceGroup",
            "secret": [],
            "size": "Standard_DS1_v2",
            "source_image_id": "",
            "source_image_reference": [
              {
                "offer": "UbuntuServer",
                "publisher": "Canonical",
                "sku": "18.04-LTS",
                "version": "latest"
              }
            ],
            "tags": {
              "environment": "Terraform Demo"
            },
            "timeouts": null,
            "virtual_machine_id": "44b5acf7-956b-474c-bc87-cbeea1db6324",
            "virtual_machine_scale_set_id": "",
            "zone": ""
          },
          "sensitive_attributes": [],
          "private": "eyJlMmJmYjczMC1lY2FhLTExZTYtOGY4OC0zNDM2M2JjN2M0YzAiOnsiY3JlYXRlIjoyNzAwMDAwMDAwMDAwLCJkZWxldGUiOjI3MDAwMDAwMDAwMDAsInJlYWQiOjMwMDAwMDAwMDAwMCwidXBkYXRlIjoyNzAwMDAwMDAwMDAwfX0=",
          "dependencies": [
            "azurerm_network_interface.myterraformnic",
            "azurerm_public_ip.myterraformpublicip",
            "azurerm_resource_group.myterraformgroup",
            "azurerm_storage_account.mystorageaccount",
            "azurerm_subnet.myterraformsubnet",
            "azurerm_virtual_network.myterraformnetwork",
            "random_id.randomId",
            "tls_private_key.example_ssh"
          ]
        }
      ]
    },
    {
      "mode": "managed",
      "type": "azurerm_network_interface",
      "name": "myterraformnic",
      "provider": "provider[\"registry.terraform.io/hashicorp/azurerm\"]",
      "instances": [
        {
          "schema_version": 0,
          "attributes": {
            "applied_dns_servers": [],
            "dns_servers": [],
            "enable_accelerated_networking": false,
            "enable_ip_forwarding": false,
            "id": "/subscriptions/3fa40d5c-dbaa-49f0-8620-d88fea24f13b/resourceGroups/myResourceGroup/providers/Microsoft.Network/networkInterfaces/myNIC",
            "internal_dns_name_label": "",
            "internal_domain_name_suffix": "1zycjwtwplpennn423ti4mrnrd.bx.internal.cloudapp.net",
            "ip_configuration": [
              {
                "name": "myNicConfiguration",
                "primary": true,
                "private_ip_address": "10.0.1.4",
                "private_ip_address_allocation": "Dynamic",
                "private_ip_address_version": "IPv4",
                "public_ip_address_id": "/subscriptions/3fa40d5c-dbaa-49f0-8620-d88fea24f13b/resourceGroups/myResourceGroup/providers/Microsoft.Network/publicIPAddresses/myPublicIP",
                "subnet_id": "/subscriptions/3fa40d5c-dbaa-49f0-8620-d88fea24f13b/resourceGroups/myResourceGroup/providers/Microsoft.Network/virtualNetworks/myVnet/subnets/mySubnet"
              }
            ],
            "location": "eastus",
            "mac_address": "",
            "name": "myNIC",
            "private_ip_address": "10.0.1.4",
            "private_ip_addresses": [
              "10.0.1.4"
            ],
            "resource_group_name": "myResourceGroup",
            "tags": {
              "environment": "Terraform Demo"
            },
            "timeouts": null,
            "virtual_machine_id": ""
          },
          "sensitive_attributes": [],
          "private": "eyJlMmJmYjczMC1lY2FhLTExZTYtOGY4OC0zNDM2M2JjN2M0YzAiOnsiY3JlYXRlIjoxODAwMDAwMDAwMDAwLCJkZWxldGUiOjE4MDAwMDAwMDAwMDAsInJlYWQiOjMwMDAwMDAwMDAwMCwidXBkYXRlIjoxODAwMDAwMDAwMDAwfX0=",
          "dependencies": [
            "azurerm_public_ip.myterraformpublicip",
            "azurerm_resource_group.myterraformgroup",
            "azurerm_subnet.myterraformsubnet",
            "azurerm_virtual_network.myterraformnetwork"
          ]
        }
      ]
    },
    {
      "mode": "managed",
      "type": "azurerm_network_interface_security_group_association",
      "name": "example",
      "provider": "provider[\"registry.terraform.io/hashicorp/azurerm\"]",
      "instances": [
        {
          "schema_version": 0,
          "attributes": {
            "id": "/subscriptions/3fa40d5c-dbaa-49f0-8620-d88fea24f13b/resourceGroups/myResourceGroup/providers/Microsoft.Network/networkInterfaces/myNIC|/subscriptions/3fa40d5c-dbaa-49f0-8620-d88fea24f13b/resourceGroups/myResourceGroup/providers/Microsoft.Network/networkSecurityGroups/myNetworkSecurityGroup",
            "network_interface_id": "/subscriptions/3fa40d5c-dbaa-49f0-8620-d88fea24f13b/resourceGroups/myResourceGroup/providers/Microsoft.Network/networkInterfaces/myNIC",
            "network_security_group_id": "/subscriptions/3fa40d5c-dbaa-49f0-8620-d88fea24f13b/resourceGroups/myResourceGroup/providers/Microsoft.Network/networkSecurityGroups/myNetworkSecurityGroup",
            "timeouts": null
          },
          "sensitive_attributes": [],
          "private": "eyJlMmJmYjczMC1lY2FhLTExZTYtOGY4OC0zNDM2M2JjN2M0YzAiOnsiY3JlYXRlIjoxODAwMDAwMDAwMDAwLCJkZWxldGUiOjE4MDAwMDAwMDAwMDAsInJlYWQiOjMwMDAwMDAwMDAwMCwidXBkYXRlIjoxODAwMDAwMDAwMDAwfX0=",
          "dependencies": [
            "azurerm_network_interface.myterraformnic",
            "azurerm_network_security_group.myterraformnsg",
            "azurerm_public_ip.myterraformpublicip",
            "azurerm_resource_group.myterraformgroup",
            "azurerm_subnet.myterraformsubnet",
            "azurerm_virtual_network.myterraformnetwork"
          ]
        }
      ]
    },
    {
      "mode": "managed",
      "type": "azurerm_network_security_group",
      "name": "myterraformnsg",
      "provider": "provider[\"registry.terraform.io/hashicorp/azurerm\"]",
      "instances": [
        {
          "schema_version": 0,
          "attributes": {
            "id": "/subscriptions/3fa40d5c-dbaa-49f0-8620-d88fea24f13b/resourceGroups/myResourceGroup/providers/Microsoft.Network/networkSecurityGroups/myNetworkSecurityGroup",
            "location": "eastus",
            "name": "myNetworkSecurityGroup",
            "resource_group_name": "myResourceGroup",
            "security_rule": [
              {
                "access": "Allow",
                "description": "",
                "destination_address_prefix": "*",
                "destination_address_prefixes": [],
                "destination_application_security_group_ids": [],
                "destination_port_range": "22",
                "destination_port_ranges": [],
                "direction": "Inbound",
                "name": "SSH",
                "priority": 1001,
                "protocol": "Tcp",
                "source_address_prefix": "*",
                "source_address_prefixes": [],
                "source_application_security_group_ids": [],
                "source_port_range": "*",
                "source_port_ranges": []
              }
            ],
            "tags": {
              "environment": "Terraform Demo"
            },
            "timeouts": null
          },
          "sensitive_attributes": [],
          "private": "eyJlMmJmYjczMC1lY2FhLTExZTYtOGY4OC0zNDM2M2JjN2M0YzAiOnsiY3JlYXRlIjoxODAwMDAwMDAwMDAwLCJkZWxldGUiOjE4MDAwMDAwMDAwMDAsInJlYWQiOjMwMDAwMDAwMDAwMCwidXBkYXRlIjoxODAwMDAwMDAwMDAwfX0=",
          "dependencies": [
            "azurerm_resource_group.myterraformgroup"
          ]
        }
      ]
    },
    {
      "mode": "managed",
      "type": "azurerm_public_ip",
      "name": "myterraformpublicip",
      "provider": "provider[\"registry.terraform.io/hashicorp/azurerm\"]",
      "instances": [
        {
          "schema_version": 0,
          "attributes": {
            "allocation_method": "Dynamic",
            "domain_name_label": null,
            "fqdn": null,
            "id": "/subscriptions/3fa40d5c-dbaa-49f0-8620-d88fea24f13b/resourceGroups/myResourceGroup/providers/Microsoft.Network/publicIPAddresses/myPublicIP",
            "idle_timeout_in_minutes": 4,
            "ip_address": "",
            "ip_version": "IPv4",
            "location": "eastus",
            "name": "myPublicIP",
            "public_ip_prefix_id": null,
            "resource_group_name": "myResourceGroup",
            "reverse_fqdn": null,
            "sku": "Basic",
            "tags": {
              "environment": "Terraform Demo"
            },
            "timeouts": null,
            "zones": null
          },
          "sensitive_attributes": [],
          "private": "eyJlMmJmYjczMC1lY2FhLTExZTYtOGY4OC0zNDM2M2JjN2M0YzAiOnsiY3JlYXRlIjoxODAwMDAwMDAwMDAwLCJkZWxldGUiOjE4MDAwMDAwMDAwMDAsInJlYWQiOjMwMDAwMDAwMDAwMCwidXBkYXRlIjoxODAwMDAwMDAwMDAwfX0=",
          "dependencies": [
            "azurerm_resource_group.myterraformgroup"
          ]
        }
      ]
    },
    {
      "mode": "managed",
      "type": "azurerm_resource_group",
      "name": "myterraformgroup",
      "provider": "provider[\"registry.terraform.io/hashicorp/azurerm\"]",
      "instances": [
        {
          "schema_version": 0,
          "attributes": {
            "id": "/subscriptions/3fa40d5c-dbaa-49f0-8620-d88fea24f13b/resourceGroups/myResourceGroup",
            "location": "eastus",
            "name": "myResourceGroup",
            "tags": {
              "environment": "Terraform Demo"
            },
            "timeouts": null
          },
          "sensitive_attributes": [],
          "private": "eyJlMmJmYjczMC1lY2FhLTExZTYtOGY4OC0zNDM2M2JjN2M0YzAiOnsiY3JlYXRlIjo1NDAwMDAwMDAwMDAwLCJkZWxldGUiOjU0MDAwMDAwMDAwMDAsInJlYWQiOjMwMDAwMDAwMDAwMCwidXBkYXRlIjo1NDAwMDAwMDAwMDAwfX0="
        }
      ]
    },
    {
      "mode": "managed",
      "type": "azurerm_storage_account",
      "name": "mystorageaccount",
      "provider": "provider[\"registry.terraform.io/hashicorp/azurerm\"]",
      "instances": [
        {
          "schema_version": 2,
          "attributes": {
            "access_tier": "Hot",
            "account_kind": "StorageV2",
            "account_replication_type": "LRS",
            "account_tier": "Standard",
            "allow_blob_public_access": false,
            "blob_properties": [],
            "custom_domain": [],
            "enable_https_traffic_only": true,
            "id": "/subscriptions/3fa40d5c-dbaa-49f0-8620-d88fea24f13b/resourceGroups/myResourceGroup/providers/Microsoft.Storage/storageAccounts/diag55aefd11bbe43d37",
            "identity": [],
            "is_hns_enabled": false,
            "large_file_share_enabled": null,
            "location": "eastus",
            "min_tls_version": "TLS1_0",
            "name": "diag55aefd11bbe43d37",
            "network_rules": [
              {
                "bypass": [
                  "AzureServices"
                ],
                "default_action": "Allow",
                "ip_rules": [],
                "virtual_network_subnet_ids": []
              }
            ],
            "primary_access_key": "DpNuAxnnxTefHl4oUvTJjZcilyQjl96612vlhy87eeLj5vwglcsqiaBtyf/PtcynBRv29HDpmdRyGWEFZh7f4A==",
            "primary_blob_connection_string": "DefaultEndpointsProtocol=https;BlobEndpoint=https://diag55aefd11bbe43d37.blob.core.windows.net/;AccountName=diag55aefd11bbe43d37;AccountKey=DpNuAxnnxTefHl4oUvTJjZcilyQjl96612vlhy87eeLj5vwglcsqiaBtyf/PtcynBRv29HDpmdRyGWEFZh7f4A==",
            "primary_blob_endpoint": "https://diag55aefd11bbe43d37.blob.core.windows.net/",
            "primary_blob_host": "diag55aefd11bbe43d37.blob.core.windows.net",
            "primary_connection_string": "DefaultEndpointsProtocol=https;AccountName=diag55aefd11bbe43d37;AccountKey=DpNuAxnnxTefHl4oUvTJjZcilyQjl96612vlhy87eeLj5vwglcsqiaBtyf/PtcynBRv29HDpmdRyGWEFZh7f4A==;EndpointSuffix=core.windows.net",
            "primary_dfs_endpoint": "https://diag55aefd11bbe43d37.dfs.core.windows.net/",
            "primary_dfs_host": "diag55aefd11bbe43d37.dfs.core.windows.net",
            "primary_file_endpoint": "https://diag55aefd11bbe43d37.file.core.windows.net/",
            "primary_file_host": "diag55aefd11bbe43d37.file.core.windows.net",
            "primary_location": "eastus",
            "primary_queue_endpoint": "https://diag55aefd11bbe43d37.queue.core.windows.net/",
            "primary_queue_host": "diag55aefd11bbe43d37.queue.core.windows.net",
            "primary_table_endpoint": "https://diag55aefd11bbe43d37.table.core.windows.net/",
            "primary_table_host": "diag55aefd11bbe43d37.table.core.windows.net",
            "primary_web_endpoint": "https://diag55aefd11bbe43d37.z13.web.core.windows.net/",
            "primary_web_host": "diag55aefd11bbe43d37.z13.web.core.windows.net",
            "queue_properties": [
              {
                "cors_rule": [],
                "hour_metrics": [
                  {
                    "enabled": true,
                    "include_apis": true,
                    "retention_policy_days": 7,
                    "version": "1.0"
                  }
                ],
                "logging": [
                  {
                    "delete": false,
                    "read": false,
                    "retention_policy_days": 0,
                    "version": "1.0",
                    "write": false
                  }
                ],
                "minute_metrics": [
                  {
                    "enabled": false,
                    "include_apis": false,
                    "retention_policy_days": 0,
                    "version": "1.0"
                  }
                ]
              }
            ],
            "resource_group_name": "myResourceGroup",
            "secondary_access_key": "HYruX6mws8FLYi16f6WgygQ3/S5osbWbfReUAZuhg/P5dHyd2bjInc541MOXSHTUdxo3WxQxoTJcp2bumLy3ZQ==",
            "secondary_blob_connection_string": "",
            "secondary_blob_endpoint": null,
            "secondary_blob_host": null,
            "secondary_connection_string": "DefaultEndpointsProtocol=https;AccountName=diag55aefd11bbe43d37;AccountKey=HYruX6mws8FLYi16f6WgygQ3/S5osbWbfReUAZuhg/P5dHyd2bjInc541MOXSHTUdxo3WxQxoTJcp2bumLy3ZQ==;EndpointSuffix=core.windows.net",
            "secondary_dfs_endpoint": null,
            "secondary_dfs_host": null,
            "secondary_file_endpoint": null,
            "secondary_file_host": null,
            "secondary_location": "",
            "secondary_queue_endpoint": null,
            "secondary_queue_host": null,
            "secondary_table_endpoint": null,
            "secondary_table_host": null,
            "secondary_web_endpoint": null,
            "secondary_web_host": null,
            "static_website": [],
            "tags": {
              "environment": "Terraform Demo"
            },
            "timeouts": null
          },
          "sensitive_attributes": [],
          "private": "eyJlMmJmYjczMC1lY2FhLTExZTYtOGY4OC0zNDM2M2JjN2M0YzAiOnsiY3JlYXRlIjozNjAwMDAwMDAwMDAwLCJkZWxldGUiOjM2MDAwMDAwMDAwMDAsInJlYWQiOjMwMDAwMDAwMDAwMCwidXBkYXRlIjozNjAwMDAwMDAwMDAwfSwic2NoZW1hX3ZlcnNpb24iOiIyIn0=",
          "dependencies": [
            "azurerm_resource_group.myterraformgroup",
            "random_id.randomId"
          ]
        }
      ]
    },
    {
      "mode": "managed",
      "type": "azurerm_subnet",
      "name": "myterraformsubnet",
      "provider": "provider[\"registry.terraform.io/hashicorp/azurerm\"]",
      "instances": [
        {
          "schema_version": 0,
          "attributes": {
            "address_prefix": "10.0.1.0/24",
            "address_prefixes": [
              "10.0.1.0/24"
            ],
            "delegation": [],
            "enforce_private_link_endpoint_network_policies": false,
            "enforce_private_link_service_network_policies": false,
            "id": "/subscriptions/3fa40d5c-dbaa-49f0-8620-d88fea24f13b/resourceGroups/myResourceGroup/providers/Microsoft.Network/virtualNetworks/myVnet/subnets/mySubnet",
            "name": "mySubnet",
            "resource_group_name": "myResourceGroup",
            "service_endpoint_policy_ids": null,
            "service_endpoints": null,
            "timeouts": null,
            "virtual_network_name": "myVnet"
          },
          "sensitive_attributes": [],
          "private": "eyJlMmJmYjczMC1lY2FhLTExZTYtOGY4OC0zNDM2M2JjN2M0YzAiOnsiY3JlYXRlIjoxODAwMDAwMDAwMDAwLCJkZWxldGUiOjE4MDAwMDAwMDAwMDAsInJlYWQiOjMwMDAwMDAwMDAwMCwidXBkYXRlIjoxODAwMDAwMDAwMDAwfX0=",
          "dependencies": [
            "azurerm_resource_group.myterraformgroup",
            "azurerm_virtual_network.myterraformnetwork"
          ]
        }
      ]
    },
    {
      "mode": "managed",
      "type": "azurerm_virtual_network",
      "name": "myterraformnetwork",
      "provider": "provider[\"registry.terraform.io/hashicorp/azurerm\"]",
      "instances": [
        {
          "schema_version": 0,
          "attributes": {
            "address_space": [
              "10.0.0.0/16"
            ],
            "bgp_community": "",
            "ddos_protection_plan": [],
            "dns_servers": null,
            "guid": "da2470de-7a76-46de-b5be-e7668f322d8b",
            "id": "/subscriptions/3fa40d5c-dbaa-49f0-8620-d88fea24f13b/resourceGroups/myResourceGroup/providers/Microsoft.Network/virtualNetworks/myVnet",
            "location": "eastus",
            "name": "myVnet",
            "resource_group_name": "myResourceGroup",
            "subnet": [],
            "tags": {
              "environment": "Terraform Demo"
            },
            "timeouts": null,
            "vm_protection_enabled": false
          },
          "sensitive_attributes": [],
          "private": "eyJlMmJmYjczMC1lY2FhLTExZTYtOGY4OC0zNDM2M2JjN2M0YzAiOnsiY3JlYXRlIjoxODAwMDAwMDAwMDAwLCJkZWxldGUiOjE4MDAwMDAwMDAwMDAsInJlYWQiOjMwMDAwMDAwMDAwMCwidXBkYXRlIjoxODAwMDAwMDAwMDAwfX0=",
          "dependencies": [
            "azurerm_resource_group.myterraformgroup"
          ]
        }
      ]
    },
    {
      "mode": "managed",
      "type": "random_id",
      "name": "randomId",
      "provider": "provider[\"registry.terraform.io/hashicorp/random\"]",
      "instances": [
        {
          "schema_version": 0,
          "attributes": {
            "b64_std": "Va79EbvkPTc=",
            "b64_url": "Va79EbvkPTc",
            "byte_length": 8,
            "dec": "6174150391780097335",
            "hex": "55aefd11bbe43d37",
            "id": "Va79EbvkPTc",
            "keepers": {
              "resource_group": "myResourceGroup"
            },
            "prefix": null
          },
          "sensitive_attributes": [],
          "private": "bnVsbA==",
          "dependencies": [
            "azurerm_resource_group.myterraformgroup"
          ]
        }
      ]
    },
    {
      "mode": "managed",
      "type": "tls_private_key",
      "name": "example_ssh",
      "provider": "provider[\"registry.terraform.io/hashicorp/tls\"]",
      "instances": [
        {
          "schema_version": 0,
          "attributes": {
            "algorithm": "RSA",
            "ecdsa_curve": "P224",
            "id": "d169b875ed3ed542f6fe6e0964f2441405e2f583",
            "private_key_pem": "-----BEGIN RSA PRIVATE KEY-----\nMIIJKQIBAAKCAgEAmo9HFsg9ZZ9zLxXPNRr6V0/Bo4vZ8Z22CgAc2ceG3eAqeDxH\nCcoX36qdAq00ZrIsey4H79jeVBASG5kBzOycCLyKACnrazu7icTcqEoKRCwGlNw7\n3yFDfkyhcEv83n67yKFCBWQWqnrPL7/udMEZG2LJM/hoRoZuWNITFaY4KbfIddPK\nkEfdcfUhcqE2N8OWsLZmwmIu/HpHrzJ5jUmNlVDtfDkkUrc6MijhlEoIZ9vqjcbA\nHQEXy52dVvS+voGNypU5utZddLKiB8iLSqJp3LjL6k7x+NC9gVMH/j273anhDY4D\nf3UZlgulWbINZYbE2RvnMLxdYzVUNn5juIol55QBUx9oXcoejPkF7nngcXOdigMH\nofSQneyhn/CxZmn/87090kNfxbbsXovpyglQvL/cN/quyiAyEAnaEen1Gda2zVT1\nZ+2JloBUVLZTwh2WJM57DbIhxsabQsHsb2xJIOCadmXBDKNN+444flYUZmBswo0Z\nVYtuiyvqXiN7Zze8HSZQFlV0mt4csoPZlNd//c5sp+kZJg4fm6UnyttSLc8FhVF1\nVHd677HDCC0J4eIfkepVosFXkx82KJYX/Qq3RaoeiDTOMepQH+jGhm3jgzRodu93\nrBSc25GXA61JeBnghId4MmpEJf7jufiv44ylqtO6js8VFJnxkhjQUvmksskCAwEA\nAQKCAgARhv4Az2RnCdX+GPMOiqipDhpfeZSVmdTy/WBIMiBROQKX7/3+VjSu4KI9\nk3bFzp7MuUOdJ3LPBaOIDanum0Z2lyrvKdHQr01tKi37x6myYWu9pdwESbllsTr9\niSB7+tNAxUi/Y8JOQu8L8zAPfXZjbKh0hE8O8F/DIs+XPOpRkM3izsnB4uRx7+KD\nJVUIrd2A3K56jLfXWeaXL5opM5YiwLKty60a1Dx9Q7WRI3QgkwfeXBOdNmqEZLNb\nERYwdHCn8JRDY9vlR/yn9U4WgKSQq0Q0pg86sDFNYSUe59FOKd2js98hrR3hriBq\nM47hXI8mL8vf8vyEK6AJLfwRCVmS5FBJlJnOV0s9vOqQJ7PCDQxSSi+8YTd+Gte/\nmOOBZCEl2GGxwRV9FP09g2bz+fgxpe6EoyqhBGMdg4rylegtirsoZ1ApFp9ip2oY\ndI+LAvlBc0IQ6FWc/6O6vdHnNx3E5BlrjvHC4ztjggHB6lNl7r/em7uhjLAXHW2I\ngvWzUnbAx5pMx8zUUlpjrfeM3/opGB6MhMfwCJlMsF9OPly1AlM4yvfPaU0eJmhf\nIX6zHnxu1aVZIoj95lWSh+GI5w5BzlqdhEOZkextaOk1kdAMKaeo/hPDojYsoBns\nLVXgAA2mt8egASKsEboOROM2FZQuGhMVqT/joOmrDeQMeSKyIQKCAQEAxi4v/07w\nG875uNePqNu1dgz6WDqfFNdVNgk4IYxiEbBCjWpkurNwXzC/cunyswMGS5gfmI41\nDcsAuMSB6cK3n8hZD100ETHrpiibcnUvlMOazAY3s4Mdw4O8pY5HD6rjx/ODtFkL\n+chICzgEhlZtDcBt1jqhfHxl3dI8lV2hJuTXIbw+6LzkeiFsarVrEyLKgwuVTis1\ncQiWo3PdyfHJzFkytE7Z4/6vVXt+NG6cVkriCOGkTqYxSCV4CKATm4cCJjLawJmT\nyJHXiRthOM5tzbN5CekvalhNTSf1oiD6O4Z937FIaXh5bUcNFQUpLfs4QUR6fz+W\nxW8jg9xaMCKiWwKCAQEAx6cejEefPqcIFbvWDuLHiVUP2zsC11LME89vOjuI54SI\nWbpHInbv2XGvDuzZO/sxskMuGE0Uard1mP2nHmnt022oRL+YNVVrPO9hIWyAz8Vv\nZl2LgmQOg8F3LUr4YNsAIc3QgqcLPLvBYTOYiL0jaRHUc9SZ3mPSuJPuSHW892rd\nXBnkB0ET1dWW05ZsvuLQAzGEBfiFZntrLwiSfL7LGuo3q7wHWgMFiy0rY1Mws0CG\neWvE2+KxgGsLk6qWvpSKLT2ponZG3OvGH4Jp/ppAVKngw8YXmjkFpXuVXyKFYVN0\nazWy3SfPI3NXOZeclN/HyCfT9LTOiwbXllya6prAqwKCAQEAroe2lW17X8Ijgnm0\nds0nPdOoFVNrDfule3UbDdCH/XPw6IGuPA4TBIH12MnXh3c+cAyEpuF2L7N76zyD\n/M4S0JCsfi9iz1HbafWREHfLc4PgK5W+MEVkTO8Tj+mBA3dIKqt2bbmOJmgPqnGm\n6nfqipXRJT11QiB7xaKE4DYY2hvmqjsSW/0eacBNrpwetDeLiWUGFFVRNz6NC13b\nESHyyhgz4z8d/QAqgWnEd4CCBizka1XsUadi91qoH1B6dBmt9t4KcFvQHm7yFjka\noeCKKwHHssa9jzY8vZpXZHUOaqXC7OFAGEKVDXvpNX3aCjiYDkK0bqQdr7p02IeS\nlZmqyQKCAQA6TvB4/6HeZmHSFx2ZE1o7HYCYAk/+GsxHLNnLJAADvY0kx2ZnBl1e\nH/mEXl/DSMVmzn/z0O8Zi6Lon4vjMgSnLutpyJrnWJ8NGMxBOrMT+xFh0AgieJ5U\nlHf93ltTziHnvXgb8DUz85GylaMCrFpfITnu6jRV4slz5qA8wUYC7E7hyx3xkGv+\nk3aNLO1tgkhF5nwsUjyDhZ/0CIjfrckbfzPrD+sFusQvtW1qgK1EbJ/ZbkP8A+Tb\nIGgtJDEKT89bDxsvu2NOuf0OzsOt+9a14zcldgEGpYikn8csFaTmm7zwYqpuNGYm\ncFUVGNY+FG0AY8FfQj7gE4t6+mi0A6YpAoIBAQDD8y+Diz3XFcMe0qsFs6oZndj/\n0TfJptsiFTGQH3yF9pMO7CEUbA+wvhD757Gjq0tiG8WfqIoV31NQnyfwWAq3VqrP\ndhy0Ir+nV2AwuKI4XAYDdJm5pNcrQ2RlpUNy6drhmQhUyYEmeNDUWoLCj26Lkgz2\noqENh1NrqsEF2OwzIZSaFZv7GD5Ax851QUtjxWkqC/PO/3TZCQutRP55yhS22bn2\nEJ0R1WzvL7oK1ZUUUb+Xq/A+x8h5b2x5WokneXx1vga3fSov4Mh24gL6tSqPYySn\nKN7xYdCAB1arR/fR/JBF0KlGPgogJ4A2y9Nwt8REZ2kNUvfmeEoaAcz2oW/n\n-----END RSA PRIVATE KEY-----\n",
            "public_key_fingerprint_md5": "93:5a:2a:cd:69:6b:b2:76:57:2d:ac:24:38:40:96:7f",
            "public_key_openssh": "ssh-rsa AAAAB3NzaC1yc2EAAAADAQABAAACAQCaj0cWyD1ln3MvFc81GvpXT8Gji9nxnbYKABzZx4bd4Cp4PEcJyhffqp0CrTRmsix7Lgfv2N5UEBIbmQHM7JwIvIoAKetrO7uJxNyoSgpELAaU3DvfIUN+TKFwS/zefrvIoUIFZBaqes8vv+50wRkbYskz+GhGhm5Y0hMVpjgpt8h108qQR91x9SFyoTY3w5awtmbCYi78ekevMnmNSY2VUO18OSRStzoyKOGUSghn2+qNxsAdARfLnZ1W9L6+gY3KlTm61l10sqIHyItKomncuMvqTvH40L2BUwf+PbvdqeENjgN/dRmWC6VZsg1lhsTZG+cwvF1jNVQ2fmO4iiXnlAFTH2hdyh6M+QXueeBxc52KAweh9JCd7KGf8LFmaf/zvT3SQ1/Ftuxei+nKCVC8v9w3+q7KIDIQCdoR6fUZ1rbNVPVn7YmWgFRUtlPCHZYkznsNsiHGxptCwexvbEkg4Jp2ZcEMo037jjh+VhRmYGzCjRlVi26LK+peI3tnN7wdJlAWVXSa3hyyg9mU13/9zmyn6RkmDh+bpSfK21ItzwWFUXVUd3rvscMILQnh4h+R6lWiwVeTHzYolhf9CrdFqh6INM4x6lAf6MaGbeODNGh273esFJzbkZcDrUl4GeCEh3gyakQl/uO5+K/jjKWq07qOzxUUmfGSGNBS+aSyyQ==\n",
            "public_key_pem": "-----BEGIN PUBLIC KEY-----\nMIICIjANBgkqhkiG9w0BAQEFAAOCAg8AMIICCgKCAgEAmo9HFsg9ZZ9zLxXPNRr6\nV0/Bo4vZ8Z22CgAc2ceG3eAqeDxHCcoX36qdAq00ZrIsey4H79jeVBASG5kBzOyc\nCLyKACnrazu7icTcqEoKRCwGlNw73yFDfkyhcEv83n67yKFCBWQWqnrPL7/udMEZ\nG2LJM/hoRoZuWNITFaY4KbfIddPKkEfdcfUhcqE2N8OWsLZmwmIu/HpHrzJ5jUmN\nlVDtfDkkUrc6MijhlEoIZ9vqjcbAHQEXy52dVvS+voGNypU5utZddLKiB8iLSqJp\n3LjL6k7x+NC9gVMH/j273anhDY4Df3UZlgulWbINZYbE2RvnMLxdYzVUNn5juIol\n55QBUx9oXcoejPkF7nngcXOdigMHofSQneyhn/CxZmn/87090kNfxbbsXovpyglQ\nvL/cN/quyiAyEAnaEen1Gda2zVT1Z+2JloBUVLZTwh2WJM57DbIhxsabQsHsb2xJ\nIOCadmXBDKNN+444flYUZmBswo0ZVYtuiyvqXiN7Zze8HSZQFlV0mt4csoPZlNd/\n/c5sp+kZJg4fm6UnyttSLc8FhVF1VHd677HDCC0J4eIfkepVosFXkx82KJYX/Qq3\nRaoeiDTOMepQH+jGhm3jgzRodu93rBSc25GXA61JeBnghId4MmpEJf7jufiv44yl\nqtO6js8VFJnxkhjQUvmksskCAwEAAQ==\n-----END PUBLIC KEY-----\n",
            "rsa_bits": 4096
          },
          "sensitive_attributes": [],
          "private": "bnVsbA=="
        }
      ]
    }
  ]
}
